
Microsoft Visual Studio Solution File, Format Version 12.00
# Visual Studio Version 17
VisualStudioVersion = 17.8.34511.84
MinimumVisualStudioVersion = 10.0.40219.1
Project("{FAE04EC0-301F-11D3-BF4B-00C04F79EFBC}") = "GeorgeTownCleaningServices", "GeorgeTownCleaningServices\GeorgeTownCleaningServices.csproj", "{6581AD58-4288-4AFF-9AF2-ECCE2B7B1AB9}"
EndProject
Global
	GlobalSection(SolutionConfigurationPlatforms) = preSolution
		Debug|Any CPU = Debug|Any CPU
		Release|Any CPU = Release|Any CPU
	EndGlobalSection
	GlobalSection(ProjectConfigurationPlatforms) = postSolution
		{6581AD58-4288-4AFF-9AF2-ECCE2B7B1AB9}.Debug|Any CPU.ActiveCfg = Debug|Any CPU
		{6581AD58-4288-4AFF-9AF2-ECCE2B7B1AB9}.Debug|Any CPU.Build.0 = Debug|Any CPU
		{6581AD58-4288-4AFF-9AF2-ECCE2B7B1AB9}.Release|Any CPU.ActiveCfg = Release|Any CPU
		{6581AD58-4288-4AFF-9AF2-ECCE2B7B1AB9}.Release|Any CPU.Build.0 = Release|Any CPU
	EndGlobalSection
	GlobalSection(SolutionProperties) = preSolution
		HideSolutionNode = FALSE
	EndGlobalSection
	GlobalSection(ExtensibilityGlobals) = postSolution
		SolutionGuid = {F5DD9501-4935-44C1-8660-FDF316CA830E}
	EndGlobalSection
EndGlobal
